
Microsoft Visual Studio Solution File, Format Version 12.00
# Visual Studio Version 17
VisualStudioVersion = 17.12.35527.113
MinimumVisualStudioVersion = 10.0.40219.1
Project("{9A19103F-16F7-4668-BE54-9A1E7A4F7556}") = "Data Layer", "LoginPage\Data Layer.csproj", "{A63753A6-D7CE-411B-935E-3306624A607D}"
EndProject
Project("{9A19103F-16F7-4668-BE54-9A1E7A4F7556}") = "HomePage", "HomePage\HomePage.csproj", "{49C771BD-97EA-4D4E-8859-3DD679A4ECB1}"
EndProject
Project("{FAE04EC0-301F-11D3-BF4B-00C04F79EFBC}") = "Game", "Game\Game.csproj", "{24BA2C8D-9AA1-42F9-8F90-6C900CAC2026}"
EndProject
Project("{FAE04EC0-301F-11D3-BF4B-00C04F79EFBC}") = "Middleware", "Middleware\Middleware.csproj", "{3CCB2A33-0D5E-4062-82E0-0CAD5471F67E}"
EndProject
Global
	GlobalSection(SolutionConfigurationPlatforms) = preSolution
		Debug|Any CPU = Debug|Any CPU
		Release|Any CPU = Release|Any CPU
	EndGlobalSection
	GlobalSection(ProjectConfigurationPlatforms) = postSolution
		{A63753A6-D7CE-411B-935E-3306624A607D}.Debug|Any CPU.ActiveCfg = Debug|Any CPU
		{A63753A6-D7CE-411B-935E-3306624A607D}.Debug|Any CPU.Build.0 = Debug|Any CPU
		{A63753A6-D7CE-411B-935E-3306624A607D}.Release|Any CPU.ActiveCfg = Release|Any CPU
		{A63753A6-D7CE-411B-935E-3306624A607D}.Release|Any CPU.Build.0 = Release|Any CPU
		{49C771BD-97EA-4D4E-8859-3DD679A4ECB1}.Debug|Any CPU.ActiveCfg = Debug|Any CPU
		{49C771BD-97EA-4D4E-8859-3DD679A4ECB1}.Debug|Any CPU.Build.0 = Debug|Any CPU
		{49C771BD-97EA-4D4E-8859-3DD679A4ECB1}.Release|Any CPU.ActiveCfg = Release|Any CPU
		{49C771BD-97EA-4D4E-8859-3DD679A4ECB1}.Release|Any CPU.Build.0 = Release|Any CPU
		{24BA2C8D-9AA1-42F9-8F90-6C900CAC2026}.Debug|Any CPU.ActiveCfg = Debug|Any CPU
		{24BA2C8D-9AA1-42F9-8F90-6C900CAC2026}.Debug|Any CPU.Build.0 = Debug|Any CPU
		{24BA2C8D-9AA1-42F9-8F90-6C900CAC2026}.Release|Any CPU.ActiveCfg = Release|Any CPU
		{24BA2C8D-9AA1-42F9-8F90-6C900CAC2026}.Release|Any CPU.Build.0 = Release|Any CPU
		{3CCB2A33-0D5E-4062-82E0-0CAD5471F67E}.Debug|Any CPU.ActiveCfg = Debug|Any CPU
		{3CCB2A33-0D5E-4062-82E0-0CAD5471F67E}.Debug|Any CPU.Build.0 = Debug|Any CPU
		{3CCB2A33-0D5E-4062-82E0-0CAD5471F67E}.Release|Any CPU.ActiveCfg = Release|Any CPU
		{3CCB2A33-0D5E-4062-82E0-0CAD5471F67E}.Release|Any CPU.Build.0 = Release|Any CPU
	EndGlobalSection
	GlobalSection(SolutionProperties) = preSolution
		HideSolutionNode = FALSE
	EndGlobalSection
	GlobalSection(ExtensibilityGlobals) = postSolution
		SolutionGuid = {966A0558-5CEE-47EE-8A1C-B2D9BF7AFBB3}
	EndGlobalSection
EndGlobal
